
Microsoft Visual Studio Solution File, Format Version 12.00
# Visual Studio Version 16
VisualStudioVersion = 16.0.28803.202
MinimumVisualStudioVersion = 10.0.40219.1
Project("{9A19103F-16F7-4668-BE54-9A1E7A4F7556}") = "VenoXV", "VenoXV.csproj", "{22F25E37-C9F3-4D83-9126-B58D03F5E279}"
EndProject
Global
	GlobalSection(SolutionConfigurationPlatforms) = preSolution
		Debug|Any CPU = Debug|Any CPU
		Release|Any CPU = Release|Any CPU
	EndGlobalSection
	GlobalSection(ProjectConfigurationPlatforms) = postSolution
		{22F25E37-C9F3-4D83-9126-B58D03F5E279}.Debug|Any CPU.ActiveCfg = Debug|Any CPU
		{22F25E37-C9F3-4D83-9126-B58D03F5E279}.Debug|Any CPU.Build.0 = Debug|Any CPU
		{22F25E37-C9F3-4D83-9126-B58D03F5E279}.Release|Any CPU.ActiveCfg = Release|Any CPU
		{22F25E37-C9F3-4D83-9126-B58D03F5E279}.Release|Any CPU.Build.0 = Release|Any CPU
	EndGlobalSection
	GlobalSection(SolutionProperties) = preSolution
		HideSolutionNode = FALSE
	EndGlobalSection
	GlobalSection(ExtensibilityGlobals) = postSolution
		SolutionGuid = {22EAA208-AFB9-46D8-94BB-9E2E96647C70}
	EndGlobalSection
EndGlobal
